
Microsoft Visual Studio Solution File, Format Version 12.00
# Visual Studio Version 16
VisualStudioVersion = 16.0.33027.164
MinimumVisualStudioVersion = 10.0.40219.1
Project("{FAE04EC0-301F-11D3-BF4B-00C04F79EFBC}") = "WebApi", "WebApi\WebApi.csproj", "{8E24212B-DCA5-4AAC-BC89-AB331D222036}"
EndProject
Project("{FAE04EC0-301F-11D3-BF4B-00C04F79EFBC}") = "Business", "Business\Business.csproj", "{500D5D12-1B07-470D-BF93-25DD979DEAE4}"
EndProject
Project("{FAE04EC0-301F-11D3-BF4B-00C04F79EFBC}") = "Core", "Core\Core.csproj", "{D13A1C49-E67B-4BA4-BE29-F2D47DADB533}"
EndProject
Project("{FAE04EC0-301F-11D3-BF4B-00C04F79EFBC}") = "DataAccess", "DataAccess\DataAccess.csproj", "{53EB4A12-808B-46C8-B445-B591FE6B6223}"
EndProject
Project("{FAE04EC0-301F-11D3-BF4B-00C04F79EFBC}") = "Entities", "Entities\Entities.csproj", "{77260C30-415B-478B-8F61-D0D03D687A4E}"
EndProject
Global
	GlobalSection(SolutionConfigurationPlatforms) = preSolution
		Debug|Any CPU = Debug|Any CPU
		Release|Any CPU = Release|Any CPU
	EndGlobalSection
	GlobalSection(ProjectConfigurationPlatforms) = postSolution
		{8E24212B-DCA5-4AAC-BC89-AB331D222036}.Debug|Any CPU.ActiveCfg = Debug|Any CPU
		{8E24212B-DCA5-4AAC-BC89-AB331D222036}.Debug|Any CPU.Build.0 = Debug|Any CPU
		{8E24212B-DCA5-4AAC-BC89-AB331D222036}.Release|Any CPU.ActiveCfg = Release|Any CPU
		{8E24212B-DCA5-4AAC-BC89-AB331D222036}.Release|Any CPU.Build.0 = Release|Any CPU
		{500D5D12-1B07-470D-BF93-25DD979DEAE4}.Debug|Any CPU.ActiveCfg = Debug|Any CPU
		{500D5D12-1B07-470D-BF93-25DD979DEAE4}.Debug|Any CPU.Build.0 = Debug|Any CPU
		{500D5D12-1B07-470D-BF93-25DD979DEAE4}.Release|Any CPU.ActiveCfg = Release|Any CPU
		{500D5D12-1B07-470D-BF93-25DD979DEAE4}.Release|Any CPU.Build.0 = Release|Any CPU
		{D13A1C49-E67B-4BA4-BE29-F2D47DADB533}.Debug|Any CPU.ActiveCfg = Debug|Any CPU
		{D13A1C49-E67B-4BA4-BE29-F2D47DADB533}.Debug|Any CPU.Build.0 = Debug|Any CPU
		{D13A1C49-E67B-4BA4-BE29-F2D47DADB533}.Release|Any CPU.ActiveCfg = Release|Any CPU
		{D13A1C49-E67B-4BA4-BE29-F2D47DADB533}.Release|Any CPU.Build.0 = Release|Any CPU
		{53EB4A12-808B-46C8-B445-B591FE6B6223}.Debug|Any CPU.ActiveCfg = Debug|Any CPU
		{53EB4A12-808B-46C8-B445-B591FE6B6223}.Debug|Any CPU.Build.0 = Debug|Any CPU
		{53EB4A12-808B-46C8-B445-B591FE6B6223}.Release|Any CPU.ActiveCfg = Release|Any CPU
		{53EB4A12-808B-46C8-B445-B591FE6B6223}.Release|Any CPU.Build.0 = Release|Any CPU
		{77260C30-415B-478B-8F61-D0D03D687A4E}.Debug|Any CPU.ActiveCfg = Debug|Any CPU
		{77260C30-415B-478B-8F61-D0D03D687A4E}.Debug|Any CPU.Build.0 = Debug|Any CPU
		{77260C30-415B-478B-8F61-D0D03D687A4E}.Release|Any CPU.ActiveCfg = Release|Any CPU
		{77260C30-415B-478B-8F61-D0D03D687A4E}.Release|Any CPU.Build.0 = Release|Any CPU
	EndGlobalSection
	GlobalSection(SolutionProperties) = preSolution
		HideSolutionNode = FALSE
	EndGlobalSection
	GlobalSection(ExtensibilityGlobals) = postSolution
		SolutionGuid = {75841ABD-B82E-4AD9-BD41-08D3388A3E69}
	EndGlobalSection
EndGlobal
